{
  "version": 4,
  "terraform_version": "1.8.3",
  "serial": 19,
  "lineage": "dd0aa6a9-0974-8f77-7e7a-24ec3356b2bd",
  "outputs": {},
  "resources": [
    {
      "mode": "data",
      "type": "template_file",
      "name": "powershell_init",
      "provider": "provider[\"registry.terraform.io/hashicorp/template\"]",
      "instances": [
        {
          "schema_version": 0,
          "attributes": {
            "filename": null,
            "id": "3e057fe80e6475b13d0ec5a9dc95a2dd7c11877e0fd7d1ba19537ce65068769e",
            "rendered": "\u003cpowershell\u003e\r\n##############################################################\r\n### Configure azure instance and install required software ### \r\n##############################################################\r\n$transcriptDate = (Get-Date -Format \"MM-dd-yyyy--HH-mm-ss\")\r\nStart-Transcript -Path \"C:\\log-$transcriptDate.txt\" -NoClobber\r\n\r\n[Net.ServicePointManager]::SecurityProtocol = [Net.SecurityProtocolType]::Tls12\r\nInstall-PackageProvider -Name NuGet -RequiredVersion 2.8.5.201 -Force\r\n\r\nSet-ExecutionPolicy Bypass -Scope Process -Force\r\n\r\n#Install choco\r\n[System.Net.ServicePointManager]::SecurityProtocol = [System.Net.ServicePointManager]::SecurityProtocol -bor 3072; iex ((New-Object System.Net.WebClient).DownloadString('https://chocolatey.org/install.ps1'))\r\nchoco install gitlab-runner /Service  -y \r\n\r\n# Registrar runner\r\n$Env:RUNNER_NAME                = \"DevopsTraining\"\r\n$Env:REGISTRATION_TOKEN         = 'GR1348941sHnLsCqMyx4RLGwsL7Cs' #Use projects token here\r\n$Env:CI_SERVER_URL              = 'https://gitlab.com/'\r\n$Env:RUNNER_TAG_LIST            = 'Devops'        #comma separated list of tags\r\n\r\n#$Env:CONFIG_FILE                = \"$PSScriptRoot\\config.toml\"\r\n$Env:REGISTER_RUN_UNTAGGED      = 'false'\r\n$Env:REGISTER_LOCKED            = $false    #lock runner to current project \r\n$Env:RUNNER_EXECUTOR            = 'shell'\r\n$Env:RUNNER_SHELL               = 'powershell'\r\n\r\n$Env:RUNNER_REQUEST_CONCURRENCY = 1\r\n$Env:RUNNER_BUILDS_DIR          = ''\r\n$Env:RUNNER_CACHE_DIR           = ''\r\n\r\ngitlab-runner register --non-interactive\r\n\r\nStop-Transcript\r\n\u003cpowershell\u003e",
            "template": "\u003cpowershell\u003e\r\n##############################################################\r\n### Configure azure instance and install required software ### \r\n##############################################################\r\n$transcriptDate = (Get-Date -Format \"MM-dd-yyyy--HH-mm-ss\")\r\nStart-Transcript -Path \"C:\\log-$transcriptDate.txt\" -NoClobber\r\n\r\n[Net.ServicePointManager]::SecurityProtocol = [Net.SecurityProtocolType]::Tls12\r\nInstall-PackageProvider -Name NuGet -RequiredVersion 2.8.5.201 -Force\r\n\r\nSet-ExecutionPolicy Bypass -Scope Process -Force\r\n\r\n#Install choco\r\n[System.Net.ServicePointManager]::SecurityProtocol = [System.Net.ServicePointManager]::SecurityProtocol -bor 3072; iex ((New-Object System.Net.WebClient).DownloadString('https://chocolatey.org/install.ps1'))\r\nchoco install gitlab-runner /Service  -y \r\n\r\n# Registrar runner\r\n$Env:RUNNER_NAME                = \"DevopsTraining\"\r\n$Env:REGISTRATION_TOKEN         = 'GR1348941sHnLsCqMyx4RLGwsL7Cs' #Use projects token here\r\n$Env:CI_SERVER_URL              = 'https://gitlab.com/'\r\n$Env:RUNNER_TAG_LIST            = 'Devops'        #comma separated list of tags\r\n\r\n#$Env:CONFIG_FILE                = \"$PSScriptRoot\\config.toml\"\r\n$Env:REGISTER_RUN_UNTAGGED      = 'false'\r\n$Env:REGISTER_LOCKED            = $false    #lock runner to current project \r\n$Env:RUNNER_EXECUTOR            = 'shell'\r\n$Env:RUNNER_SHELL               = 'powershell'\r\n\r\n$Env:RUNNER_REQUEST_CONCURRENCY = 1\r\n$Env:RUNNER_BUILDS_DIR          = ''\r\n$Env:RUNNER_CACHE_DIR           = ''\r\n\r\ngitlab-runner register --non-interactive\r\n\r\nStop-Transcript\r\n\u003cpowershell\u003e",
            "vars": null
          },
          "sensitive_attributes": []
        }
      ]
    },
    {
      "mode": "managed",
      "type": "azurerm_network_interface",
      "name": "windows_nic",
      "provider": "provider[\"registry.terraform.io/hashicorp/azurerm\"]",
      "instances": [
        {
          "schema_version": 0,
          "attributes": {
            "applied_dns_servers": [],
            "dns_servers": [],
            "enable_accelerated_networking": false,
            "enable_ip_forwarding": false,
            "id": "/subscriptions/3f311599-d73b-43a4-8dbf-dee2082100f6/resourceGroups/DevopsBootcamp_RG/providers/Microsoft.Network/networkInterfaces/WindowsNIC-01",
            "internal_dns_name_label": "",
            "internal_domain_name_suffix": "qckoir20k50uthmifqjaxv5mqc.bx.internal.cloudapp.net",
            "ip_configuration": [
              {
                "name": "general",
                "primary": true,
                "private_ip_address": "10.0.0.4",
                "private_ip_address_allocation": "Dynamic",
                "private_ip_address_version": "IPv4",
                "public_ip_address_id": "/subscriptions/3f311599-d73b-43a4-8dbf-dee2082100f6/resourceGroups/DevopsBootcamp_RG/providers/Microsoft.Network/publicIPAddresses/PublicIP",
                "subnet_id": "/subscriptions/3f311599-d73b-43a4-8dbf-dee2082100f6/resourceGroups/DevopsBootcamp_RG/providers/Microsoft.Network/virtualNetworks/DevopsVNet/subnets/DevopsSb"
              }
            ],
            "location": "eastus",
            "mac_address": "00-22-48-32-B9-43",
            "name": "WindowsNIC-01",
            "private_ip_address": "10.0.0.4",
            "private_ip_addresses": [
              "10.0.0.4"
            ],
            "resource_group_name": "DevopsBootcamp_RG",
            "tags": {},
            "timeouts": null,
            "virtual_machine_id": "/subscriptions/3f311599-d73b-43a4-8dbf-dee2082100f6/resourceGroups/DevopsBootcamp_RG/providers/Microsoft.Compute/virtualMachines/WindowsServer"
          },
          "sensitive_attributes": [],
          "private": "eyJlMmJmYjczMC1lY2FhLTExZTYtOGY4OC0zNDM2M2JjN2M0YzAiOnsiY3JlYXRlIjoxODAwMDAwMDAwMDAwLCJkZWxldGUiOjE4MDAwMDAwMDAwMDAsInJlYWQiOjMwMDAwMDAwMDAwMCwidXBkYXRlIjoxODAwMDAwMDAwMDAwfX0=",
          "dependencies": [
            "azurerm_public_ip.publicip",
            "azurerm_resource_group.devops_bootcamp_rg",
            "azurerm_subnet.devops_bootcamp_subnet",
            "azurerm_virtual_network.devops_bootcamp_vnet"
          ]
        }
      ]
    },
    {
      "mode": "managed",
      "type": "azurerm_network_interface",
      "name": "windows_nic2",
      "provider": "provider[\"registry.terraform.io/hashicorp/azurerm\"]",
      "instances": [
        {
          "schema_version": 0,
          "attributes": {
            "applied_dns_servers": [],
            "dns_servers": [],
            "enable_accelerated_networking": false,
            "enable_ip_forwarding": false,
            "id": "/subscriptions/3f311599-d73b-43a4-8dbf-dee2082100f6/resourceGroups/DevopsBootcamp_RG/providers/Microsoft.Network/networkInterfaces/WindowsNIC-02",
            "internal_dns_name_label": "",
            "internal_domain_name_suffix": "qckoir20k50uthmifqjaxv5mqc.bx.internal.cloudapp.net",
            "ip_configuration": [
              {
                "name": "general",
                "primary": true,
                "private_ip_address": "10.0.128.4",
                "private_ip_address_allocation": "Dynamic",
                "private_ip_address_version": "IPv4",
                "public_ip_address_id": "",
                "subnet_id": "/subscriptions/3f311599-d73b-43a4-8dbf-dee2082100f6/resourceGroups/DevopsBootcamp_RG/providers/Microsoft.Network/virtualNetworks/DevopsVNet/subnets/DevopsSb2"
              }
            ],
            "location": "eastus",
            "mac_address": "",
            "name": "WindowsNIC-02",
            "private_ip_address": "10.0.128.4",
            "private_ip_addresses": [
              "10.0.128.4"
            ],
            "resource_group_name": "DevopsBootcamp_RG",
            "tags": null,
            "timeouts": null,
            "virtual_machine_id": ""
          },
          "sensitive_attributes": [],
          "private": "eyJlMmJmYjczMC1lY2FhLTExZTYtOGY4OC0zNDM2M2JjN2M0YzAiOnsiY3JlYXRlIjoxODAwMDAwMDAwMDAwLCJkZWxldGUiOjE4MDAwMDAwMDAwMDAsInJlYWQiOjMwMDAwMDAwMDAwMCwidXBkYXRlIjoxODAwMDAwMDAwMDAwfX0=",
          "dependencies": [
            "azurerm_resource_group.devops_bootcamp_rg",
            "azurerm_subnet.devops_bootcamp_subnet2",
            "azurerm_virtual_network.devops_bootcamp_vnet"
          ]
        }
      ]
    },
    {
      "mode": "managed",
      "type": "azurerm_network_interface_security_group_association",
      "name": "vm_rdp_group",
      "provider": "provider[\"registry.terraform.io/hashicorp/azurerm\"]",
      "instances": [
        {
          "schema_version": 0,
          "attributes": {
            "id": "/subscriptions/3f311599-d73b-43a4-8dbf-dee2082100f6/resourceGroups/DevopsBootcamp_RG/providers/Microsoft.Network/networkInterfaces/WindowsNIC-01|/subscriptions/3f311599-d73b-43a4-8dbf-dee2082100f6/resourceGroups/DevopsBootcamp_RG/providers/Microsoft.Network/networkSecurityGroups/prod-Codec-windows-vm-nsg",
            "network_interface_id": "/subscriptions/3f311599-d73b-43a4-8dbf-dee2082100f6/resourceGroups/DevopsBootcamp_RG/providers/Microsoft.Network/networkInterfaces/WindowsNIC-01",
            "network_security_group_id": "/subscriptions/3f311599-d73b-43a4-8dbf-dee2082100f6/resourceGroups/DevopsBootcamp_RG/providers/Microsoft.Network/networkSecurityGroups/prod-Codec-windows-vm-nsg",
            "timeouts": null
          },
          "sensitive_attributes": [],
          "private": "eyJlMmJmYjczMC1lY2FhLTExZTYtOGY4OC0zNDM2M2JjN2M0YzAiOnsiY3JlYXRlIjoxODAwMDAwMDAwMDAwLCJkZWxldGUiOjE4MDAwMDAwMDAwMDAsInJlYWQiOjMwMDAwMDAwMDAwMCwidXBkYXRlIjoxODAwMDAwMDAwMDAwfX0=",
          "dependencies": [
            "azurerm_network_interface.windows_nic",
            "azurerm_network_security_group.general_security",
            "azurerm_public_ip.publicip",
            "azurerm_resource_group.devops_bootcamp_rg",
            "azurerm_subnet.devops_bootcamp_subnet",
            "azurerm_virtual_network.devops_bootcamp_vnet"
          ]
        }
      ]
    },
    {
      "mode": "managed",
      "type": "azurerm_network_security_group",
      "name": "general_security",
      "provider": "provider[\"registry.terraform.io/hashicorp/azurerm\"]",
      "instances": [
        {
          "schema_version": 0,
          "attributes": {
            "id": "/subscriptions/3f311599-d73b-43a4-8dbf-dee2082100f6/resourceGroups/DevopsBootcamp_RG/providers/Microsoft.Network/networkSecurityGroups/prod-Codec-windows-vm-nsg",
            "location": "eastus",
            "name": "prod-Codec-windows-vm-nsg",
            "resource_group_name": "DevopsBootcamp_RG",
            "security_rule": [
              {
                "access": "Allow",
                "description": "allow-rdp",
                "destination_address_prefix": "*",
                "destination_address_prefixes": [],
                "destination_application_security_group_ids": [],
                "destination_port_range": "3389",
                "destination_port_ranges": [],
                "direction": "Inbound",
                "name": "allow-rdp",
                "priority": 100,
                "protocol": "Tcp",
                "source_address_prefix": "*",
                "source_address_prefixes": [],
                "source_application_security_group_ids": [],
                "source_port_range": "*",
                "source_port_ranges": []
              }
            ],
            "tags": {},
            "timeouts": null
          },
          "sensitive_attributes": [],
          "private": "eyJlMmJmYjczMC1lY2FhLTExZTYtOGY4OC0zNDM2M2JjN2M0YzAiOnsiY3JlYXRlIjoxODAwMDAwMDAwMDAwLCJkZWxldGUiOjE4MDAwMDAwMDAwMDAsInJlYWQiOjMwMDAwMDAwMDAwMCwidXBkYXRlIjoxODAwMDAwMDAwMDAwfX0=",
          "dependencies": [
            "azurerm_resource_group.devops_bootcamp_rg"
          ]
        }
      ]
    },
    {
      "mode": "managed",
      "type": "azurerm_public_ip",
      "name": "publicip",
      "provider": "provider[\"registry.terraform.io/hashicorp/azurerm\"]",
      "instances": [
        {
          "schema_version": 0,
          "attributes": {
            "allocation_method": "Static",
            "domain_name_label": null,
            "fqdn": null,
            "id": "/subscriptions/3f311599-d73b-43a4-8dbf-dee2082100f6/resourceGroups/DevopsBootcamp_RG/providers/Microsoft.Network/publicIPAddresses/PublicIP",
            "idle_timeout_in_minutes": 4,
            "ip_address": "137.135.119.25",
            "ip_version": "IPv4",
            "location": "eastus",
            "name": "PublicIP",
            "public_ip_prefix_id": null,
            "resource_group_name": "DevopsBootcamp_RG",
            "reverse_fqdn": null,
            "sku": "Basic",
            "tags": {
              "environment": "prod"
            },
            "timeouts": null,
            "zones": []
          },
          "sensitive_attributes": [],
          "private": "eyJlMmJmYjczMC1lY2FhLTExZTYtOGY4OC0zNDM2M2JjN2M0YzAiOnsiY3JlYXRlIjoxODAwMDAwMDAwMDAwLCJkZWxldGUiOjE4MDAwMDAwMDAwMDAsInJlYWQiOjMwMDAwMDAwMDAwMCwidXBkYXRlIjoxODAwMDAwMDAwMDAwfX0=",
          "dependencies": [
            "azurerm_resource_group.devops_bootcamp_rg"
          ]
        }
      ]
    },
    {
      "mode": "managed",
      "type": "azurerm_resource_group",
      "name": "devops_bootcamp_rg",
      "provider": "provider[\"registry.terraform.io/hashicorp/azurerm\"]",
      "instances": [
        {
          "schema_version": 0,
          "attributes": {
            "id": "/subscriptions/3f311599-d73b-43a4-8dbf-dee2082100f6/resourceGroups/DevopsBootcamp_RG",
            "location": "eastus",
            "name": "DevopsBootcamp_RG",
            "tags": {},
            "timeouts": null
          },
          "sensitive_attributes": [],
          "private": "eyJlMmJmYjczMC1lY2FhLTExZTYtOGY4OC0zNDM2M2JjN2M0YzAiOnsiY3JlYXRlIjo1NDAwMDAwMDAwMDAwLCJkZWxldGUiOjU0MDAwMDAwMDAwMDAsInJlYWQiOjMwMDAwMDAwMDAwMCwidXBkYXRlIjo1NDAwMDAwMDAwMDAwfX0="
        }
      ]
    },
    {
      "mode": "managed",
      "type": "azurerm_subnet",
      "name": "devops_bootcamp_subnet",
      "provider": "provider[\"registry.terraform.io/hashicorp/azurerm\"]",
      "instances": [
        {
          "schema_version": 0,
          "attributes": {
            "address_prefix": "10.0.0.0/17",
            "address_prefixes": [
              "10.0.0.0/17"
            ],
            "delegation": [],
            "enforce_private_link_endpoint_network_policies": false,
            "enforce_private_link_service_network_policies": false,
            "id": "/subscriptions/3f311599-d73b-43a4-8dbf-dee2082100f6/resourceGroups/DevopsBootcamp_RG/providers/Microsoft.Network/virtualNetworks/DevopsVNet/subnets/DevopsSb",
            "name": "DevopsSb",
            "resource_group_name": "DevopsBootcamp_RG",
            "service_endpoint_policy_ids": [],
            "service_endpoints": [],
            "timeouts": null,
            "virtual_network_name": "DevopsVNet"
          },
          "sensitive_attributes": [],
          "private": "eyJlMmJmYjczMC1lY2FhLTExZTYtOGY4OC0zNDM2M2JjN2M0YzAiOnsiY3JlYXRlIjoxODAwMDAwMDAwMDAwLCJkZWxldGUiOjE4MDAwMDAwMDAwMDAsInJlYWQiOjMwMDAwMDAwMDAwMCwidXBkYXRlIjoxODAwMDAwMDAwMDAwfX0=",
          "dependencies": [
            "azurerm_resource_group.devops_bootcamp_rg",
            "azurerm_virtual_network.devops_bootcamp_vnet"
          ]
        }
      ]
    },
    {
      "mode": "managed",
      "type": "azurerm_subnet",
      "name": "devops_bootcamp_subnet2",
      "provider": "provider[\"registry.terraform.io/hashicorp/azurerm\"]",
      "instances": [
        {
          "schema_version": 0,
          "attributes": {
            "address_prefix": "10.0.128.0/17",
            "address_prefixes": [
              "10.0.128.0/17"
            ],
            "delegation": [],
            "enforce_private_link_endpoint_network_policies": false,
            "enforce_private_link_service_network_policies": false,
            "id": "/subscriptions/3f311599-d73b-43a4-8dbf-dee2082100f6/resourceGroups/DevopsBootcamp_RG/providers/Microsoft.Network/virtualNetworks/DevopsVNet/subnets/DevopsSb2",
            "name": "DevopsSb2",
            "resource_group_name": "DevopsBootcamp_RG",
            "service_endpoint_policy_ids": null,
            "service_endpoints": null,
            "timeouts": null,
            "virtual_network_name": "DevopsVNet"
          },
          "sensitive_attributes": [],
          "private": "eyJlMmJmYjczMC1lY2FhLTExZTYtOGY4OC0zNDM2M2JjN2M0YzAiOnsiY3JlYXRlIjoxODAwMDAwMDAwMDAwLCJkZWxldGUiOjE4MDAwMDAwMDAwMDAsInJlYWQiOjMwMDAwMDAwMDAwMCwidXBkYXRlIjoxODAwMDAwMDAwMDAwfX0=",
          "dependencies": [
            "azurerm_resource_group.devops_bootcamp_rg",
            "azurerm_virtual_network.devops_bootcamp_vnet"
          ]
        }
      ]
    },
    {
      "mode": "managed",
      "type": "azurerm_virtual_network",
      "name": "devops_bootcamp_vnet",
      "provider": "provider[\"registry.terraform.io/hashicorp/azurerm\"]",
      "instances": [
        {
          "schema_version": 0,
          "attributes": {
            "address_space": [
              "10.0.0.0/16"
            ],
            "bgp_community": "",
            "ddos_protection_plan": [],
            "dns_servers": [],
            "guid": "47e49480-579a-49f5-9d88-2c120bd7ec82",
            "id": "/subscriptions/3f311599-d73b-43a4-8dbf-dee2082100f6/resourceGroups/DevopsBootcamp_RG/providers/Microsoft.Network/virtualNetworks/DevopsVNet",
            "location": "eastus",
            "name": "DevopsVNet",
            "resource_group_name": "DevopsBootcamp_RG",
            "subnet": [
              {
                "address_prefix": "10.0.0.0/17",
                "id": "/subscriptions/3f311599-d73b-43a4-8dbf-dee2082100f6/resourceGroups/DevopsBootcamp_RG/providers/Microsoft.Network/virtualNetworks/DevopsVNet/subnets/DevopsSb",
                "name": "DevopsSb",
                "security_group": ""
              }
            ],
            "tags": {},
            "timeouts": null,
            "vm_protection_enabled": false
          },
          "sensitive_attributes": [],
          "private": "eyJlMmJmYjczMC1lY2FhLTExZTYtOGY4OC0zNDM2M2JjN2M0YzAiOnsiY3JlYXRlIjoxODAwMDAwMDAwMDAwLCJkZWxldGUiOjE4MDAwMDAwMDAwMDAsInJlYWQiOjMwMDAwMDAwMDAwMCwidXBkYXRlIjoxODAwMDAwMDAwMDAwfX0=",
          "dependencies": [
            "azurerm_resource_group.devops_bootcamp_rg"
          ]
        }
      ]
    },
    {
      "mode": "managed",
      "type": "azurerm_windows_virtual_machine",
      "name": "windows_server",
      "provider": "provider[\"registry.terraform.io/hashicorp/azurerm\"]",
      "instances": [
        {
          "schema_version": 0,
          "attributes": {
            "additional_capabilities": [],
            "additional_unattend_content": [],
            "admin_password": "P@ssword",
            "admin_username": "adminuser",
            "allow_extension_operations": true,
            "availability_set_id": "",
            "boot_diagnostics": [],
            "computer_name": "WindowsServer",
            "custom_data": "PHBvd2Vyc2hlbGw+DQojIyMjIyMjIyMjIyMjIyMjIyMjIyMjIyMjIyMjIyMjIyMjIyMjIyMjIyMjIyMjIyMjIyMjIyMjIyMjIyMjIw0KIyMjIENvbmZpZ3VyZSBhenVyZSBpbnN0YW5jZSBhbmQgaW5zdGFsbCByZXF1aXJlZCBzb2Z0d2FyZSAjIyMgDQojIyMjIyMjIyMjIyMjIyMjIyMjIyMjIyMjIyMjIyMjIyMjIyMjIyMjIyMjIyMjIyMjIyMjIyMjIyMjIyMjIw0KJHRyYW5zY3JpcHREYXRlID0gKEdldC1EYXRlIC1Gb3JtYXQgIk1NLWRkLXl5eXktLUhILW1tLXNzIikNClN0YXJ0LVRyYW5zY3JpcHQgLVBhdGggIkM6XGxvZy0kdHJhbnNjcmlwdERhdGUudHh0IiAtTm9DbG9iYmVyDQoNCltOZXQuU2VydmljZVBvaW50TWFuYWdlcl06OlNlY3VyaXR5UHJvdG9jb2wgPSBbTmV0LlNlY3VyaXR5UHJvdG9jb2xUeXBlXTo6VGxzMTINCkluc3RhbGwtUGFja2FnZVByb3ZpZGVyIC1OYW1lIE51R2V0IC1SZXF1aXJlZFZlcnNpb24gMi44LjUuMjAxIC1Gb3JjZQ0KDQpTZXQtRXhlY3V0aW9uUG9saWN5IEJ5cGFzcyAtU2NvcGUgUHJvY2VzcyAtRm9yY2UNCg0KI0luc3RhbGwgY2hvY28NCltTeXN0ZW0uTmV0LlNlcnZpY2VQb2ludE1hbmFnZXJdOjpTZWN1cml0eVByb3RvY29sID0gW1N5c3RlbS5OZXQuU2VydmljZVBvaW50TWFuYWdlcl06OlNlY3VyaXR5UHJvdG9jb2wgLWJvciAzMDcyOyBpZXggKChOZXctT2JqZWN0IFN5c3RlbS5OZXQuV2ViQ2xpZW50KS5Eb3dubG9hZFN0cmluZygnaHR0cHM6Ly9jaG9jb2xhdGV5Lm9yZy9pbnN0YWxsLnBzMScpKQ0KY2hvY28gaW5zdGFsbCBnaXRsYWItcnVubmVyIC9TZXJ2aWNlICAteSANCg0KIyBSZWdpc3RyYXIgcnVubmVyDQokRW52OlJVTk5FUl9OQU1FICAgICAgICAgICAgICAgID0gIkRldm9wc1RyYWluaW5nIg0KJEVudjpSRUdJU1RSQVRJT05fVE9LRU4gICAgICAgICA9ICdHUjEzNDg5NDFzSG5Mc0NxTXl4NFJMR3dzTDdDcycgI1VzZSBwcm9qZWN0cyB0b2tlbiBoZXJlDQokRW52OkNJX1NFUlZFUl9VUkwgICAgICAgICAgICAgID0gJ2h0dHBzOi8vZ2l0bGFiLmNvbS8nDQokRW52OlJVTk5FUl9UQUdfTElTVCAgICAgICAgICAgID0gJ0Rldm9wcycgICAgICAgICNjb21tYSBzZXBhcmF0ZWQgbGlzdCBvZiB0YWdzDQoNCiMkRW52OkNPTkZJR19GSUxFICAgICAgICAgICAgICAgID0gIiRQU1NjcmlwdFJvb3RcY29uZmlnLnRvbWwiDQokRW52OlJFR0lTVEVSX1JVTl9VTlRBR0dFRCAgICAgID0gJ2ZhbHNlJw0KJEVudjpSRUdJU1RFUl9MT0NLRUQgICAgICAgICAgICA9ICRmYWxzZSAgICAjbG9jayBydW5uZXIgdG8gY3VycmVudCBwcm9qZWN0IA0KJEVudjpSVU5ORVJfRVhFQ1VUT1IgICAgICAgICAgICA9ICdzaGVsbCcNCiRFbnY6UlVOTkVSX1NIRUxMICAgICAgICAgICAgICAgPSAncG93ZXJzaGVsbCcNCg0KJEVudjpSVU5ORVJfUkVRVUVTVF9DT05DVVJSRU5DWSA9IDENCiRFbnY6UlVOTkVSX0JVSUxEU19ESVIgICAgICAgICAgPSAnJw0KJEVudjpSVU5ORVJfQ0FDSEVfRElSICAgICAgICAgICA9ICcnDQoNCmdpdGxhYi1ydW5uZXIgcmVnaXN0ZXIgLS1ub24taW50ZXJhY3RpdmUNCg0KU3RvcC1UcmFuc2NyaXB0DQo8cG93ZXJzaGVsbD4=",
            "dedicated_host_id": "",
            "enable_automatic_updates": true,
            "encryption_at_host_enabled": false,
            "eviction_policy": "",
            "extensions_time_budget": "PT1H30M",
            "id": "/subscriptions/3f311599-d73b-43a4-8dbf-dee2082100f6/resourceGroups/DevopsBootcamp_RG/providers/Microsoft.Compute/virtualMachines/WindowsServer",
            "identity": [],
            "license_type": "",
            "location": "eastus",
            "max_bid_price": -1,
            "name": "WindowsServer",
            "network_interface_ids": [
              "/subscriptions/3f311599-d73b-43a4-8dbf-dee2082100f6/resourceGroups/DevopsBootcamp_RG/providers/Microsoft.Network/networkInterfaces/WindowsNIC-01"
            ],
            "os_disk": [
              {
                "caching": "ReadWrite",
                "diff_disk_settings": [],
                "disk_encryption_set_id": "",
                "disk_size_gb": 127,
                "name": "WindowsServer_OsDisk_1_da26dcd35ad843c7b5b754b039837ffe",
                "storage_account_type": "Standard_LRS",
                "write_accelerator_enabled": false
              }
            ],
            "patch_mode": "AutomaticByOS",
            "plan": [],
            "priority": "Regular",
            "private_ip_address": "10.0.0.4",
            "private_ip_addresses": [
              "10.0.0.4"
            ],
            "provision_vm_agent": true,
            "proximity_placement_group_id": "",
            "public_ip_address": "137.135.119.25",
            "public_ip_addresses": [
              "137.135.119.25"
            ],
            "resource_group_name": "DevopsBootcamp_RG",
            "secret": [],
            "size": "Standard_F2",
            "source_image_id": "",
            "source_image_reference": [
              {
                "offer": "WindowsServer",
                "publisher": "MicrosoftWindowsServer",
                "sku": "2016-Datacenter",
                "version": "latest"
              }
            ],
            "tags": {},
            "timeouts": null,
            "timezone": "",
            "virtual_machine_id": "bf773bd4-c11e-453d-abc3-8d4b90e5deee",
            "virtual_machine_scale_set_id": "",
            "winrm_listener": [],
            "zone": ""
          },
          "sensitive_attributes": [
            [
              {
                "type": "get_attr",
                "value": "custom_data"
              }
            ],
            [
              {
                "type": "get_attr",
                "value": "admin_password"
              }
            ]
          ],
          "private": "eyJlMmJmYjczMC1lY2FhLTExZTYtOGY4OC0zNDM2M2JjN2M0YzAiOnsiY3JlYXRlIjoyNzAwMDAwMDAwMDAwLCJkZWxldGUiOjI3MDAwMDAwMDAwMDAsInJlYWQiOjMwMDAwMDAwMDAwMCwidXBkYXRlIjoyNzAwMDAwMDAwMDAwfX0=",
          "dependencies": [
            "azurerm_network_interface.windows_nic",
            "azurerm_public_ip.publicip",
            "azurerm_resource_group.devops_bootcamp_rg",
            "azurerm_subnet.devops_bootcamp_subnet",
            "azurerm_virtual_network.devops_bootcamp_vnet",
            "data.template_file.powershell_init"
          ]
        }
      ]
    },
    {
      "mode": "managed",
      "type": "azurerm_windows_virtual_machine",
      "name": "windows_server2",
      "provider": "provider[\"registry.terraform.io/hashicorp/azurerm\"]",
      "instances": [
        {
          "schema_version": 0,
          "attributes": {
            "additional_capabilities": [],
            "additional_unattend_content": [],
            "admin_password": "P@ssword",
            "admin_username": "adminuser",
            "allow_extension_operations": true,
            "availability_set_id": "",
            "boot_diagnostics": [],
            "computer_name": "WindowsServer2",
            "custom_data": "PHBvd2Vyc2hlbGw+DQojIyMjIyMjIyMjIyMjIyMjIyMjIyMjIyMjIyMjIyMjIyMjIyMjIyMjIyMjIyMjIyMjIyMjIyMjIyMjIyMjIw0KIyMjIENvbmZpZ3VyZSBhenVyZSBpbnN0YW5jZSBhbmQgaW5zdGFsbCByZXF1aXJlZCBzb2Z0d2FyZSAjIyMgDQojIyMjIyMjIyMjIyMjIyMjIyMjIyMjIyMjIyMjIyMjIyMjIyMjIyMjIyMjIyMjIyMjIyMjIyMjIyMjIyMjIw0KJHRyYW5zY3JpcHREYXRlID0gKEdldC1EYXRlIC1Gb3JtYXQgIk1NLWRkLXl5eXktLUhILW1tLXNzIikNClN0YXJ0LVRyYW5zY3JpcHQgLVBhdGggIkM6XGxvZy0kdHJhbnNjcmlwdERhdGUudHh0IiAtTm9DbG9iYmVyDQoNCltOZXQuU2VydmljZVBvaW50TWFuYWdlcl06OlNlY3VyaXR5UHJvdG9jb2wgPSBbTmV0LlNlY3VyaXR5UHJvdG9jb2xUeXBlXTo6VGxzMTINCkluc3RhbGwtUGFja2FnZVByb3ZpZGVyIC1OYW1lIE51R2V0IC1SZXF1aXJlZFZlcnNpb24gMi44LjUuMjAxIC1Gb3JjZQ0KDQpTZXQtRXhlY3V0aW9uUG9saWN5IEJ5cGFzcyAtU2NvcGUgUHJvY2VzcyAtRm9yY2UNCg0KI0luc3RhbGwgY2hvY28NCltTeXN0ZW0uTmV0LlNlcnZpY2VQb2ludE1hbmFnZXJdOjpTZWN1cml0eVByb3RvY29sID0gW1N5c3RlbS5OZXQuU2VydmljZVBvaW50TWFuYWdlcl06OlNlY3VyaXR5UHJvdG9jb2wgLWJvciAzMDcyOyBpZXggKChOZXctT2JqZWN0IFN5c3RlbS5OZXQuV2ViQ2xpZW50KS5Eb3dubG9hZFN0cmluZygnaHR0cHM6Ly9jaG9jb2xhdGV5Lm9yZy9pbnN0YWxsLnBzMScpKQ0KY2hvY28gaW5zdGFsbCBnaXRsYWItcnVubmVyIC9TZXJ2aWNlICAteSANCg0KIyBSZWdpc3RyYXIgcnVubmVyDQokRW52OlJVTk5FUl9OQU1FICAgICAgICAgICAgICAgID0gIkRldm9wc1RyYWluaW5nIg0KJEVudjpSRUdJU1RSQVRJT05fVE9LRU4gICAgICAgICA9ICdHUjEzNDg5NDFzSG5Mc0NxTXl4NFJMR3dzTDdDcycgI1VzZSBwcm9qZWN0cyB0b2tlbiBoZXJlDQokRW52OkNJX1NFUlZFUl9VUkwgICAgICAgICAgICAgID0gJ2h0dHBzOi8vZ2l0bGFiLmNvbS8nDQokRW52OlJVTk5FUl9UQUdfTElTVCAgICAgICAgICAgID0gJ0Rldm9wcycgICAgICAgICNjb21tYSBzZXBhcmF0ZWQgbGlzdCBvZiB0YWdzDQoNCiMkRW52OkNPTkZJR19GSUxFICAgICAgICAgICAgICAgID0gIiRQU1NjcmlwdFJvb3RcY29uZmlnLnRvbWwiDQokRW52OlJFR0lTVEVSX1JVTl9VTlRBR0dFRCAgICAgID0gJ2ZhbHNlJw0KJEVudjpSRUdJU1RFUl9MT0NLRUQgICAgICAgICAgICA9ICRmYWxzZSAgICAjbG9jayBydW5uZXIgdG8gY3VycmVudCBwcm9qZWN0IA0KJEVudjpSVU5ORVJfRVhFQ1VUT1IgICAgICAgICAgICA9ICdzaGVsbCcNCiRFbnY6UlVOTkVSX1NIRUxMICAgICAgICAgICAgICAgPSAncG93ZXJzaGVsbCcNCg0KJEVudjpSVU5ORVJfUkVRVUVTVF9DT05DVVJSRU5DWSA9IDENCiRFbnY6UlVOTkVSX0JVSUxEU19ESVIgICAgICAgICAgPSAnJw0KJEVudjpSVU5ORVJfQ0FDSEVfRElSICAgICAgICAgICA9ICcnDQoNCmdpdGxhYi1ydW5uZXIgcmVnaXN0ZXIgLS1ub24taW50ZXJhY3RpdmUNCg0KU3RvcC1UcmFuc2NyaXB0DQo8cG93ZXJzaGVsbD4=",
            "dedicated_host_id": "",
            "enable_automatic_updates": true,
            "encryption_at_host_enabled": false,
            "eviction_policy": "",
            "extensions_time_budget": "PT1H30M",
            "id": "/subscriptions/3f311599-d73b-43a4-8dbf-dee2082100f6/resourceGroups/DevopsBootcamp_RG/providers/Microsoft.Compute/virtualMachines/WindowsServer2",
            "identity": [],
            "license_type": "",
            "location": "eastus",
            "max_bid_price": -1,
            "name": "WindowsServer2",
            "network_interface_ids": [
              "/subscriptions/3f311599-d73b-43a4-8dbf-dee2082100f6/resourceGroups/DevopsBootcamp_RG/providers/Microsoft.Network/networkInterfaces/WindowsNIC-02"
            ],
            "os_disk": [
              {
                "caching": "ReadWrite",
                "diff_disk_settings": [],
                "disk_encryption_set_id": "",
                "disk_size_gb": 127,
                "name": "WindowsServer2_OsDisk_1_0659ff471d634948a4628e8f8c34cd97",
                "storage_account_type": "Standard_LRS",
                "write_accelerator_enabled": false
              }
            ],
            "patch_mode": "AutomaticByOS",
            "plan": [],
            "priority": "Regular",
            "private_ip_address": "10.0.128.4",
            "private_ip_addresses": [
              "10.0.128.4"
            ],
            "provision_vm_agent": true,
            "proximity_placement_group_id": "",
            "public_ip_address": "",
            "public_ip_addresses": [],
            "resource_group_name": "DevopsBootcamp_RG",
            "secret": [],
            "size": "Standard_F2",
            "source_image_id": "",
            "source_image_reference": [
              {
                "offer": "WindowsServer",
                "publisher": "MicrosoftWindowsServer",
                "sku": "2016-Datacenter",
                "version": "latest"
              }
            ],
            "tags": null,
            "timeouts": null,
            "timezone": "",
            "virtual_machine_id": "11c78a36-1d75-4331-aa01-309436cb0799",
            "virtual_machine_scale_set_id": "",
            "winrm_listener": [],
            "zone": ""
          },
          "sensitive_attributes": [
            [
              {
                "type": "get_attr",
                "value": "admin_password"
              }
            ],
            [
              {
                "type": "get_attr",
                "value": "custom_data"
              }
            ]
          ],
          "private": "eyJlMmJmYjczMC1lY2FhLTExZTYtOGY4OC0zNDM2M2JjN2M0YzAiOnsiY3JlYXRlIjoyNzAwMDAwMDAwMDAwLCJkZWxldGUiOjI3MDAwMDAwMDAwMDAsInJlYWQiOjMwMDAwMDAwMDAwMCwidXBkYXRlIjoyNzAwMDAwMDAwMDAwfX0=",
          "dependencies": [
            "azurerm_network_interface.windows_nic2",
            "azurerm_resource_group.devops_bootcamp_rg",
            "azurerm_subnet.devops_bootcamp_subnet2",
            "azurerm_virtual_network.devops_bootcamp_vnet",
            "data.template_file.powershell_init"
          ]
        }
      ]
    }
  ],
  "check_results": null
}
